{
    "_readme": [
        "This file locks the dependencies of your project to a known state",
        "Read more about it at https://getcomposer.org/doc/01-basic-usage.md#installing-dependencies",
        "This file is @generated automatically"
    ],
    "content-hash": "1de6f587d22012bf9ba588d8fcfc6996",
    "packages": [],
    "packages-dev": [
        {
            "name": "publishpress/dev-workspace",
            "version": "1.0.1",
            "source": {
                "type": "git",
                "url": "https://github.com/publishpress/library-dev-workspace.git",
                "reference": "0f7113d0763b07cb0a5358496c6685ebaf299a51"
            },
            "dist": {
                "type": "zip",
                "url": "https://api.github.com/repos/publishpress/library-dev-workspace/zipball/0f7113d0763b07cb0a5358496c6685ebaf299a51",
                "reference": "0f7113d0763b07cb0a5358496c6685ebaf299a51",
                "shasum": ""
            },
            "require": {
                "composer-plugin-api": "^2.0"
            },
            "type": "composer-plugin",
            "extra": {
                "class": "PublishPress\\DevWorkspace\\Plugin"
            },
            "autoload": {
                "psr-4": {
                    "PublishPress\\DevWorkspace\\": "src/"
                }
            },
            "notification-url": "https://packagist.org/downloads/",
            "license": [
                "GPL-2.0-or-later"
            ],
            "description": "Shared Composer scripts for PublishPress plugins",
            "support": {
                "issues": "https://github.com/publishpress/library-dev-workspace/issues",
                "source": "https://github.com/publishpress/library-dev-workspace/tree/1.0.1"
            },
            "time": "2026-04-02T19:45:44+00:00"
        }
    ],
    "aliases": [],
    "minimum-stability": "dev",
    "stability-flags": {},
    "prefer-stable": true,
    "prefer-lowest": false,
    "platform": {
        "php": ">=7.2.5"
    },
    "platform-dev": {},
    "plugin-api-version": "2.9.0"
}
